
Microsoft Visual Studio Solution File, Format Version 12.00
Project("{FAE04EC0-301F-11D3-BF4B-00C04F79EFBC}") = "Lesson_GenerateElements", "Lesson_GenerateElements\Lesson_GenerateElements.csproj", "{121945B1-B44A-4B6C-AFB0-C57E6A36ECF4}"
EndProject
Project("{FAE04EC0-301F-11D3-BF4B-00C04F79EFBC}") = "Lesson_MoveObject", "Lesson_MoveObject\Lesson_MoveObject.csproj", "{BB4F077B-3EFF-47A3-82DE-7BB6E70CAD1D}"
EndProject
Global
	GlobalSection(SolutionConfigurationPlatforms) = preSolution
		Debug|Any CPU = Debug|Any CPU
		Release|Any CPU = Release|Any CPU
	EndGlobalSection
	GlobalSection(ProjectConfigurationPlatforms) = postSolution
		{121945B1-B44A-4B6C-AFB0-C57E6A36ECF4}.Debug|Any CPU.ActiveCfg = Debug|Any CPU
		{121945B1-B44A-4B6C-AFB0-C57E6A36ECF4}.Debug|Any CPU.Build.0 = Debug|Any CPU
		{121945B1-B44A-4B6C-AFB0-C57E6A36ECF4}.Release|Any CPU.ActiveCfg = Release|Any CPU
		{121945B1-B44A-4B6C-AFB0-C57E6A36ECF4}.Release|Any CPU.Build.0 = Release|Any CPU
		{BB4F077B-3EFF-47A3-82DE-7BB6E70CAD1D}.Debug|Any CPU.ActiveCfg = Debug|Any CPU
		{BB4F077B-3EFF-47A3-82DE-7BB6E70CAD1D}.Debug|Any CPU.Build.0 = Debug|Any CPU
		{BB4F077B-3EFF-47A3-82DE-7BB6E70CAD1D}.Release|Any CPU.ActiveCfg = Release|Any CPU
		{BB4F077B-3EFF-47A3-82DE-7BB6E70CAD1D}.Release|Any CPU.Build.0 = Release|Any CPU
	EndGlobalSection
EndGlobal
